
Microsoft Visual Studio Solution File, Format Version 12.00
# Visual Studio Version 16
VisualStudioVersion = 16.0.30503.244
MinimumVisualStudioVersion = 10.0.40219.1
Project("{FAE04EC0-301F-11D3-BF4B-00C04F79EFBC}") = "ConsoleApp0924", "ConsoleApp0924\ConsoleApp0924.csproj", "{C03BE93A-45E6-4124-BFE5-2D70A9B84570}"
EndProject
Global
	GlobalSection(SolutionConfigurationPlatforms) = preSolution
		Debug|Any CPU = Debug|Any CPU
		Release|Any CPU = Release|Any CPU
	EndGlobalSection
	GlobalSection(ProjectConfigurationPlatforms) = postSolution
		{C03BE93A-45E6-4124-BFE5-2D70A9B84570}.Debug|Any CPU.ActiveCfg = Debug|Any CPU
		{C03BE93A-45E6-4124-BFE5-2D70A9B84570}.Debug|Any CPU.Build.0 = Debug|Any CPU
		{C03BE93A-45E6-4124-BFE5-2D70A9B84570}.Release|Any CPU.ActiveCfg = Release|Any CPU
		{C03BE93A-45E6-4124-BFE5-2D70A9B84570}.Release|Any CPU.Build.0 = Release|Any CPU
	EndGlobalSection
	GlobalSection(SolutionProperties) = preSolution
		HideSolutionNode = FALSE
	EndGlobalSection
	GlobalSection(ExtensibilityGlobals) = postSolution
		SolutionGuid = {E9E895B7-9802-4E98-9997-EA7A7877102E}
	EndGlobalSection
EndGlobal
